// !$*UTF8*$!
{
	archiveVersion = 1;
	classes = {
	};
	objectVersion = 56;
	objects = {

/* Begin PBXBuildFile section */
		2A5CD090ECA3CCCB99F29D7A /* Pods_SpaceXCleanArchitecture.framework in Frameworks */ = {isa = PBXBuildFile; fileRef = 10C7AD73239F0C86C786D2BC /* Pods_SpaceXCleanArchitecture.framework */; };
		8511584FC80B02A70B4FCA2F /* Pods_SpaceXCleanArchitectureTests.framework in Frameworks */ = {isa = PBXBuildFile; fileRef = 45BF4F250AF51BF08C66E5F6 /* Pods_SpaceXCleanArchitectureTests.framework */; };
		D17246C8CE2A47CA706D3701 /* Pods_SpaceXCleanArchitecture_SpaceXCleanArchitectureUITests.framework in Frameworks */ = {isa = PBXBuildFile; fileRef = 1B91A561965E440B97588BF8 /* Pods_SpaceXCleanArchitecture_SpaceXCleanArchitectureUITests.framework */; };
		E8ECBF1F2982F9B7002E286A /* AppDelegate.swift in Sources */ = {isa = PBXBuildFile; fileRef = E8ECBF1E2982F9B7002E286A /* AppDelegate.swift */; };
		E8ECBF212982F9B7002E286A /* SceneDelegate.swift in Sources */ = {isa = PBXBuildFile; fileRef = E8ECBF202982F9B7002E286A /* SceneDelegate.swift */; };
		E8ECBF232982F9B7002E286A /* ViewController.swift in Sources */ = {isa = PBXBuildFile; fileRef = E8ECBF222982F9B7002E286A /* ViewController.swift */; };
		E8ECBF262982F9B7002E286A /* Main.storyboard in Resources */ = {isa = PBXBuildFile; fileRef = E8ECBF242982F9B7002E286A /* Main.storyboard */; };
		E8ECBF282982F9B8002E286A /* Assets.xcassets in Resources */ = {isa = PBXBuildFile; fileRef = E8ECBF272982F9B8002E286A /* Assets.xcassets */; };
		E8ECBF2B2982F9B8002E286A /* LaunchScreen.storyboard in Resources */ = {isa = PBXBuildFile; fileRef = E8ECBF292982F9B8002E286A /* LaunchScreen.storyboard */; };
		E8ECBF362982F9B8002E286A /* SpaceXCleanArchitectureTests.swift in Sources */ = {isa = PBXBuildFile; fileRef = E8ECBF352982F9B8002E286A /* SpaceXCleanArchitectureTests.swift */; };
		E8ECBF402982F9B8002E286A /* SpaceXCleanArchitectureUITests.swift in Sources */ = {isa = PBXBuildFile; fileRef = E8ECBF3F2982F9B8002E286A /* SpaceXCleanArchitectureUITests.swift */; };
		E8ECBF422982F9B8002E286A /* SpaceXCleanArchitectureUITestsLaunchTests.swift in Sources */ = {isa = PBXBuildFile; fileRef = E8ECBF412982F9B8002E286A /* SpaceXCleanArchitectureUITestsLaunchTests.swift */; };
		E8ECBF4F2982FF04002E286A /* Constants.swift in Sources */ = {isa = PBXBuildFile; fileRef = E8ECBF4E2982FF04002E286A /* Constants.swift */; };
		E8ECBF512982FFE0002E286A /* CNetworkRouter.swift in Sources */ = {isa = PBXBuildFile; fileRef = E8ECBF502982FFE0002E286A /* CNetworkRouter.swift */; };
		E8ECBF5329830259002E286A /* CNetworkError.swift in Sources */ = {isa = PBXBuildFile; fileRef = E8ECBF5229830259002E286A /* CNetworkError.swift */; };
/* End PBXBuildFile section */

/* Begin PBXContainerItemProxy section */
		E8ECBF322982F9B8002E286A /* PBXContainerItemProxy */ = {
			isa = PBXContainerItemProxy;
			containerPortal = E8ECBF132982F9B7002E286A /* Project object */;
			proxyType = 1;
			remoteGlobalIDString = E8ECBF1A2982F9B7002E286A;
			remoteInfo = SpaceXCleanArchitecture;
		};
		E8ECBF3C2982F9B8002E286A /* PBXContainerItemProxy */ = {
			isa = PBXContainerItemProxy;
			containerPortal = E8ECBF132982F9B7002E286A /* Project object */;
			proxyType = 1;
			remoteGlobalIDString = E8ECBF1A2982F9B7002E286A;
			remoteInfo = SpaceXCleanArchitecture;
		};
/* End PBXContainerItemProxy section */

/* Begin PBXFileReference section */
		10C7AD73239F0C86C786D2BC /* Pods_SpaceXCleanArchitecture.framework */ = {isa = PBXFileReference; explicitFileType = wrapper.framework; includeInIndex = 0; path = Pods_SpaceXCleanArchitecture.framework; sourceTree = BUILT_PRODUCTS_DIR; };
		1B91A561965E440B97588BF8 /* Pods_SpaceXCleanArchitecture_SpaceXCleanArchitectureUITests.framework */ = {isa = PBXFileReference; explicitFileType = wrapper.framework; includeInIndex = 0; path = Pods_SpaceXCleanArchitecture_SpaceXCleanArchitectureUITests.framework; sourceTree = BUILT_PRODUCTS_DIR; };
		203AE28B2CCF114DAD180431 /* Pods-SpaceXCleanArchitectureTests.debug.xcconfig */ = {isa = PBXFileReference; includeInIndex = 1; lastKnownFileType = text.xcconfig; name = "Pods-SpaceXCleanArchitectureTests.debug.xcconfig"; path = "Target Support Files/Pods-SpaceXCleanArchitectureTests/Pods-SpaceXCleanArchitectureTests.debug.xcconfig"; sourceTree = "<group>"; };
		246870A7C87FC0615B3EC44C /* Pods-SpaceXCleanArchitecture-SpaceXCleanArchitectureUITests.debug.xcconfig */ = {isa = PBXFileReference; includeInIndex = 1; lastKnownFileType = text.xcconfig; name = "Pods-SpaceXCleanArchitecture-SpaceXCleanArchitectureUITests.debug.xcconfig"; path = "Target Support Files/Pods-SpaceXCleanArchitecture-SpaceXCleanArchitectureUITests/Pods-SpaceXCleanArchitecture-SpaceXCleanArchitectureUITests.debug.xcconfig"; sourceTree = "<group>"; };
		2EE1AB53B0C1229ED8E569F8 /* Pods-SpaceXCleanArchitecture.debug.xcconfig */ = {isa = PBXFileReference; includeInIndex = 1; lastKnownFileType = text.xcconfig; name = "Pods-SpaceXCleanArchitecture.debug.xcconfig"; path = "Target Support Files/Pods-SpaceXCleanArchitecture/Pods-SpaceXCleanArchitecture.debug.xcconfig"; sourceTree = "<group>"; };
		3890E980A38E7A5D21AA24EF /* Pods-SpaceXCleanArchitectureTests.release.xcconfig */ = {isa = PBXFileReference; includeInIndex = 1; lastKnownFileType = text.xcconfig; name = "Pods-SpaceXCleanArchitectureTests.release.xcconfig"; path = "Target Support Files/Pods-SpaceXCleanArchitectureTests/Pods-SpaceXCleanArchitectureTests.release.xcconfig"; sourceTree = "<group>"; };
		45BF4F250AF51BF08C66E5F6 /* Pods_SpaceXCleanArchitectureTests.framework */ = {isa = PBXFileReference; explicitFileType = wrapper.framework; includeInIndex = 0; path = Pods_SpaceXCleanArchitectureTests.framework; sourceTree = BUILT_PRODUCTS_DIR; };
		A0C8BD13799D5C9BFD1C553A /* Pods-SpaceXCleanArchitecture.release.xcconfig */ = {isa = PBXFileReference; includeInIndex = 1; lastKnownFileType = text.xcconfig; name = "Pods-SpaceXCleanArchitecture.release.xcconfig"; path = "Target Support Files/Pods-SpaceXCleanArchitecture/Pods-SpaceXCleanArchitecture.release.xcconfig"; sourceTree = "<group>"; };
		B9141B94B2E2BFA5D2BA6406 /* Pods-SpaceXCleanArchitecture-SpaceXCleanArchitectureUITests.release.xcconfig */ = {isa = PBXFileReference; includeInIndex = 1; lastKnownFileType = text.xcconfig; name = "Pods-SpaceXCleanArchitecture-SpaceXCleanArchitectureUITests.release.xcconfig"; path = "Target Support Files/Pods-SpaceXCleanArchitecture-SpaceXCleanArchitectureUITests/Pods-SpaceXCleanArchitecture-SpaceXCleanArchitectureUITests.release.xcconfig"; sourceTree = "<group>"; };
		E8ECBF1B2982F9B7002E286A /* SpaceXCleanArchitecture.app */ = {isa = PBXFileReference; explicitFileType = wrapper.application; includeInIndex = 0; path = SpaceXCleanArchitecture.app; sourceTree = BUILT_PRODUCTS_DIR; };
		E8ECBF1E2982F9B7002E286A /* AppDelegate.swift */ = {isa = PBXFileReference; lastKnownFileType = sourcecode.swift; path = AppDelegate.swift; sourceTree = "<group>"; };
		E8ECBF202982F9B7002E286A /* SceneDelegate.swift */ = {isa = PBXFileReference; lastKnownFileType = sourcecode.swift; path = SceneDelegate.swift; sourceTree = "<group>"; };
		E8ECBF222982F9B7002E286A /* ViewController.swift */ = {isa = PBXFileReference; lastKnownFileType = sourcecode.swift; path = ViewController.swift; sourceTree = "<group>"; };
		E8ECBF252982F9B7002E286A /* Base */ = {isa = PBXFileReference; lastKnownFileType = file.storyboard; name = Base; path = Base.lproj/Main.storyboard; sourceTree = "<group>"; };
		E8ECBF272982F9B8002E286A /* Assets.xcassets */ = {isa = PBXFileReference; lastKnownFileType = folder.assetcatalog; path = Assets.xcassets; sourceTree = "<group>"; };
		E8ECBF2A2982F9B8002E286A /* Base */ = {isa = PBXFileReference; lastKnownFileType = file.storyboard; name = Base; path = Base.lproj/LaunchScreen.storyboard; sourceTree = "<group>"; };
		E8ECBF2C2982F9B8002E286A /* Info.plist */ = {isa = PBXFileReference; lastKnownFileType = text.plist.xml; path = Info.plist; sourceTree = "<group>"; };
		E8ECBF312982F9B8002E286A /* SpaceXCleanArchitectureTests.xctest */ = {isa = PBXFileReference; explicitFileType = wrapper.cfbundle; includeInIndex = 0; path = SpaceXCleanArchitectureTests.xctest; sourceTree = BUILT_PRODUCTS_DIR; };
		E8ECBF352982F9B8002E286A /* SpaceXCleanArchitectureTests.swift */ = {isa = PBXFileReference; lastKnownFileType = sourcecode.swift; path = SpaceXCleanArchitectureTests.swift; sourceTree = "<group>"; };
		E8ECBF3B2982F9B8002E286A /* SpaceXCleanArchitectureUITests.xctest */ = {isa = PBXFileReference; explicitFileType = wrapper.cfbundle; includeInIndex = 0; path = SpaceXCleanArchitectureUITests.xctest; sourceTree = BUILT_PRODUCTS_DIR; };
		E8ECBF3F2982F9B8002E286A /* SpaceXCleanArchitectureUITests.swift */ = {isa = PBXFileReference; lastKnownFileType = sourcecode.swift; path = SpaceXCleanArchitectureUITests.swift; sourceTree = "<group>"; };
		E8ECBF412982F9B8002E286A /* SpaceXCleanArchitectureUITestsLaunchTests.swift */ = {isa = PBXFileReference; lastKnownFileType = sourcecode.swift; path = SpaceXCleanArchitectureUITestsLaunchTests.swift; sourceTree = "<group>"; };
		E8ECBF4E2982FF04002E286A /* Constants.swift */ = {isa = PBXFileReference; lastKnownFileType = sourcecode.swift; path = Constants.swift; sourceTree = "<group>"; };
		E8ECBF502982FFE0002E286A /* CNetworkRouter.swift */ = {isa = PBXFileReference; lastKnownFileType = sourcecode.swift; path = CNetworkRouter.swift; sourceTree = "<group>"; };
		E8ECBF5229830259002E286A /* CNetworkError.swift */ = {isa = PBXFileReference; lastKnownFileType = sourcecode.swift; path = CNetworkError.swift; sourceTree = "<group>"; };
/* End PBXFileReference section */

/* Begin PBXFrameworksBuildPhase section */
		E8ECBF182982F9B7002E286A /* Frameworks */ = {
			isa = PBXFrameworksBuildPhase;
			buildActionMask = 2147483647;
			files = (
				2A5CD090ECA3CCCB99F29D7A /* Pods_SpaceXCleanArchitecture.framework in Frameworks */,
			);
			runOnlyForDeploymentPostprocessing = 0;
		};
		E8ECBF2E2982F9B8002E286A /* Frameworks */ = {
			isa = PBXFrameworksBuildPhase;
			buildActionMask = 2147483647;
			files = (
				8511584FC80B02A70B4FCA2F /* Pods_SpaceXCleanArchitectureTests.framework in Frameworks */,
			);
			runOnlyForDeploymentPostprocessing = 0;
		};
		E8ECBF382982F9B8002E286A /* Frameworks */ = {
			isa = PBXFrameworksBuildPhase;
			buildActionMask = 2147483647;
			files = (
				D17246C8CE2A47CA706D3701 /* Pods_SpaceXCleanArchitecture_SpaceXCleanArchitectureUITests.framework in Frameworks */,
			);
			runOnlyForDeploymentPostprocessing = 0;
		};
/* End PBXFrameworksBuildPhase section */

/* Begin PBXGroup section */
		6F1245D9B50B1B89C58A7045 /* Pods */ = {
			isa = PBXGroup;
			children = (
				2EE1AB53B0C1229ED8E569F8 /* Pods-SpaceXCleanArchitecture.debug.xcconfig */,
				A0C8BD13799D5C9BFD1C553A /* Pods-SpaceXCleanArchitecture.release.xcconfig */,
				246870A7C87FC0615B3EC44C /* Pods-SpaceXCleanArchitecture-SpaceXCleanArchitectureUITests.debug.xcconfig */,
				B9141B94B2E2BFA5D2BA6406 /* Pods-SpaceXCleanArchitecture-SpaceXCleanArchitectureUITests.release.xcconfig */,
				203AE28B2CCF114DAD180431 /* Pods-SpaceXCleanArchitectureTests.debug.xcconfig */,
				3890E980A38E7A5D21AA24EF /* Pods-SpaceXCleanArchitectureTests.release.xcconfig */,
			);
			path = Pods;
			sourceTree = "<group>";
		};
		E8ECBF122982F9B7002E286A = {
			isa = PBXGroup;
			children = (
				E8ECBF1D2982F9B7002E286A /* SpaceXCleanArchitecture */,
				E8ECBF342982F9B8002E286A /* SpaceXCleanArchitectureTests */,
				E8ECBF3E2982F9B8002E286A /* SpaceXCleanArchitectureUITests */,
				E8ECBF1C2982F9B7002E286A /* Products */,
				6F1245D9B50B1B89C58A7045 /* Pods */,
				FE73EF8D990A21D96DEF83E6 /* Frameworks */,
			);
			sourceTree = "<group>";
		};
		E8ECBF1C2982F9B7002E286A /* Products */ = {
			isa = PBXGroup;
			children = (
				E8ECBF1B2982F9B7002E286A /* SpaceXCleanArchitecture.app */,
				E8ECBF312982F9B8002E286A /* SpaceXCleanArchitectureTests.xctest */,
				E8ECBF3B2982F9B8002E286A /* SpaceXCleanArchitectureUITests.xctest */,
			);
			name = Products;
			sourceTree = "<group>";
		};
		E8ECBF1D2982F9B7002E286A /* SpaceXCleanArchitecture */ = {
			isa = PBXGroup;
			children = (
				E8ECBF1E2982F9B7002E286A /* AppDelegate.swift */,
				E8ECBF202982F9B7002E286A /* SceneDelegate.swift */,
				E8ECBF222982F9B7002E286A /* ViewController.swift */,
				E8ECBF242982F9B7002E286A /* Main.storyboard */,
				E8ECBF272982F9B8002E286A /* Assets.xcassets */,
				E8ECBF292982F9B8002E286A /* LaunchScreen.storyboard */,
				E8ECBF2C2982F9B8002E286A /* Info.plist */,
				E8ECBF4E2982FF04002E286A /* Constants.swift */,
				E8ECBF502982FFE0002E286A /* CNetworkRouter.swift */,
				E8ECBF5229830259002E286A /* CNetworkError.swift */,
			);
			path = SpaceXCleanArchitecture;
			sourceTree = "<group>";
		};
		E8ECBF342982F9B8002E286A /* SpaceXCleanArchitectureTests */ = {
			isa = PBXGroup;
			children = (
				E8ECBF352982F9B8002E286A /* SpaceXCleanArchitectureTests.swift */,
			);
			path = SpaceXCleanArchitectureTests;
			sourceTree = "<group>";
		};
		E8ECBF3E2982F9B8002E286A /* SpaceXCleanArchitectureUITests */ = {
			isa = PBXGroup;
			children = (
				E8ECBF3F2982F9B8002E286A /* SpaceXCleanArchitectureUITests.swift */,
				E8ECBF412982F9B8002E286A /* SpaceXCleanArchitectureUITestsLaunchTests.swift */,
			);
			path = SpaceXCleanArchitectureUITests;
			sourceTree = "<group>";
		};
		FE73EF8D990A21D96DEF83E6 /* Frameworks */ = {
			isa = PBXGroup;
			children = (
				10C7AD73239F0C86C786D2BC /* Pods_SpaceXCleanArchitecture.framework */,
				1B91A561965E440B97588BF8 /* Pods_SpaceXCleanArchitecture_SpaceXCleanArchitectureUITests.framework */,
				45BF4F250AF51BF08C66E5F6 /* Pods_SpaceXCleanArchitectureTests.framework */,
			);
			name = Frameworks;
			sourceTree = "<group>";
		};
/* End PBXGroup section */

/* Begin PBXNativeTarget section */
		E8ECBF1A2982F9B7002E286A /* SpaceXCleanArchitecture */ = {
			isa = PBXNativeTarget;
			buildConfigurationList = E8ECBF452982F9B8002E286A /* Build configuration list for PBXNativeTarget "SpaceXCleanArchitecture" */;
			buildPhases = (
				99F26B1B136B78A60F09BAEC /* [CP] Check Pods Manifest.lock */,
				E8ECBF172982F9B7002E286A /* Sources */,
				E8ECBF182982F9B7002E286A /* Frameworks */,
				E8ECBF192982F9B7002E286A /* Resources */,
				74391CB62D627B4F06A4E5D8 /* [CP] Embed Pods Frameworks */,
			);
			buildRules = (
			);
			dependencies = (
			);
			name = SpaceXCleanArchitecture;
			productName = SpaceXCleanArchitecture;
			productReference = E8ECBF1B2982F9B7002E286A /* SpaceXCleanArchitecture.app */;
			productType = "com.apple.product-type.application";
		};
		E8ECBF302982F9B8002E286A /* SpaceXCleanArchitectureTests */ = {
			isa = PBXNativeTarget;
			buildConfigurationList = E8ECBF482982F9B8002E286A /* Build configuration list for PBXNativeTarget "SpaceXCleanArchitectureTests" */;
			buildPhases = (
				EB0181FC267DC27F9490AC89 /* [CP] Check Pods Manifest.lock */,
				E8ECBF2D2982F9B8002E286A /* Sources */,
				E8ECBF2E2982F9B8002E286A /* Frameworks */,
				E8ECBF2F2982F9B8002E286A /* Resources */,
			);
			buildRules = (
			);
			dependencies = (
				E8ECBF332982F9B8002E286A /* PBXTargetDependency */,
			);
			name = SpaceXCleanArchitectureTests;
			productName = SpaceXCleanArchitectureTests;
			productReference = E8ECBF312982F9B8002E286A /* SpaceXCleanArchitectureTests.xctest */;
			productType = "com.apple.product-type.bundle.unit-test";
		};
		E8ECBF3A2982F9B8002E286A /* SpaceXCleanArchitectureUITests */ = {
			isa = PBXNativeTarget;
			buildConfigurationList = E8ECBF4B2982F9B8002E286A /* Build configuration list for PBXNativeTarget "SpaceXCleanArchitectureUITests" */;
			buildPhases = (
				2AF900DB88F8B1BDF85BB697 /* [CP] Check Pods Manifest.lock */,
				E8ECBF372982F9B8002E286A /* Sources */,
				E8ECBF382982F9B8002E286A /* Frameworks */,
				E8ECBF392982F9B8002E286A /* Resources */,
				79D1633DD952D6EFF720A5E6 /* [CP] Embed Pods Frameworks */,
			);
			buildRules = (
			);
			dependencies = (
				E8ECBF3D2982F9B8002E286A /* PBXTargetDependency */,
			);
			name = SpaceXCleanArchitectureUITests;
			productName = SpaceXCleanArchitectureUITests;
			productReference = E8ECBF3B2982F9B8002E286A /* SpaceXCleanArchitectureUITests.xctest */;
			productType = "com.apple.product-type.bundle.ui-testing";
		};
/* End PBXNativeTarget section */

/* Begin PBXProject section */
		E8ECBF132982F9B7002E286A /* Project object */ = {
			isa = PBXProject;
			attributes = {
				BuildIndependentTargetsInParallel = 1;
				LastSwiftUpdateCheck = 1410;
				LastUpgradeCheck = 1410;
				TargetAttributes = {
					E8ECBF1A2982F9B7002E286A = {
						CreatedOnToolsVersion = 14.1;
					};
					E8ECBF302982F9B8002E286A = {
						CreatedOnToolsVersion = 14.1;
						TestTargetID = E8ECBF1A2982F9B7002E286A;
					};
					E8ECBF3A2982F9B8002E286A = {
						CreatedOnToolsVersion = 14.1;
						TestTargetID = E8ECBF1A2982F9B7002E286A;
					};
				};
			};
			buildConfigurationList = E8ECBF162982F9B7002E286A /* Build configuration list for PBXProject "SpaceXCleanArchitecture" */;
			compatibilityVersion = "Xcode 14.0";
			developmentRegion = en;
			hasScannedForEncodings = 0;
			knownRegions = (
				en,
				Base,
			);
			mainGroup = E8ECBF122982F9B7002E286A;
			productRefGroup = E8ECBF1C2982F9B7002E286A /* Products */;
			projectDirPath = "";
			projectRoot = "";
			targets = (
				E8ECBF1A2982F9B7002E286A /* SpaceXCleanArchitecture */,
				E8ECBF302982F9B8002E286A /* SpaceXCleanArchitectureTests */,
				E8ECBF3A2982F9B8002E286A /* SpaceXCleanArchitectureUITests */,
			);
		};
/* End PBXProject section */

/* Begin PBXResourcesBuildPhase section */
		E8ECBF192982F9B7002E286A /* Resources */ = {
			isa = PBXResourcesBuildPhase;
			buildActionMask = 2147483647;
			files = (
				E8ECBF2B2982F9B8002E286A /* LaunchScreen.storyboard in Resources */,
				E8ECBF282982F9B8002E286A /* Assets.xcassets in Resources */,
				E8ECBF262982F9B7002E286A /* Main.storyboard in Resources */,
			);
			runOnlyForDeploymentPostprocessing = 0;
		};
		E8ECBF2F2982F9B8002E286A /* Resources */ = {
			isa = PBXResourcesBuildPhase;
			buildActionMask = 2147483647;
			files = (
			);
			runOnlyForDeploymentPostprocessing = 0;
		};
		E8ECBF392982F9B8002E286A /* Resources */ = {
			isa = PBXResourcesBuildPhase;
			buildActionMask = 2147483647;
			files = (
			);
			runOnlyForDeploymentPostprocessing = 0;
		};
/* End PBXResourcesBuildPhase section */

/* Begin PBXShellScriptBuildPhase section */
		2AF900DB88F8B1BDF85BB697 /* [CP] Check Pods Manifest.lock */ = {
			isa = PBXShellScriptBuildPhase;
			buildActionMask = 2147483647;
			files = (
			);
			inputFileListPaths = (
			);
			inputPaths = (
				"${PODS_PODFILE_DIR_PATH}/Podfile.lock",
				"${PODS_ROOT}/Manifest.lock",
			);
			name = "[CP] Check Pods Manifest.lock";
			outputFileListPaths = (
			);
			outputPaths = (
				"$(DERIVED_FILE_DIR)/Pods-SpaceXCleanArchitecture-SpaceXCleanArchitectureUITests-checkManifestLockResult.txt",
			);
			runOnlyForDeploymentPostprocessing = 0;
			shellPath = /bin/sh;
			shellScript = "diff \"${PODS_PODFILE_DIR_PATH}/Podfile.lock\" \"${PODS_ROOT}/Manifest.lock\" > /dev/null\nif [ $? != 0 ] ; then\n    # print error to STDERR\n    echo \"error: The sandbox is not in sync with the Podfile.lock. Run 'pod install' or update your CocoaPods installation.\" >&2\n    exit 1\nfi\n# This output is used by Xcode 'outputs' to avoid re-running this script phase.\necho \"SUCCESS\" > \"${SCRIPT_OUTPUT_FILE_0}\"\n";
			showEnvVarsInLog = 0;
		};
		74391CB62D627B4F06A4E5D8 /* [CP] Embed Pods Frameworks */ = {
			isa = PBXShellScriptBuildPhase;
			buildActionMask = 2147483647;
			files = (
			);
			inputFileListPaths = (
				"${PODS_ROOT}/Target Support Files/Pods-SpaceXCleanArchitecture/Pods-SpaceXCleanArchitecture-frameworks-${CONFIGURATION}-input-files.xcfilelist",
			);
			name = "[CP] Embed Pods Frameworks";
			outputFileListPaths = (
				"${PODS_ROOT}/Target Support Files/Pods-SpaceXCleanArchitecture/Pods-SpaceXCleanArchitecture-frameworks-${CONFIGURATION}-output-files.xcfilelist",
			);
			runOnlyForDeploymentPostprocessing = 0;
			shellPath = /bin/sh;
			shellScript = "\"${PODS_ROOT}/Target Support Files/Pods-SpaceXCleanArchitecture/Pods-SpaceXCleanArchitecture-frameworks.sh\"\n";
			showEnvVarsInLog = 0;
		};
		79D1633DD952D6EFF720A5E6 /* [CP] Embed Pods Frameworks */ = {
			isa = PBXShellScriptBuildPhase;
			buildActionMask = 2147483647;
			files = (
			);
			inputFileListPaths = (
				"${PODS_ROOT}/Target Support Files/Pods-SpaceXCleanArchitecture-SpaceXCleanArchitectureUITests/Pods-SpaceXCleanArchitecture-SpaceXCleanArchitectureUITests-frameworks-${CONFIGURATION}-input-files.xcfilelist",
			);
			name = "[CP] Embed Pods Frameworks";
			outputFileListPaths = (
				"${PODS_ROOT}/Target Support Files/Pods-SpaceXCleanArchitecture-SpaceXCleanArchitectureUITests/Pods-SpaceXCleanArchitecture-SpaceXCleanArchitectureUITests-frameworks-${CONFIGURATION}-output-files.xcfilelist",
			);
			runOnlyForDeploymentPostprocessing = 0;
			shellPath = /bin/sh;
			shellScript = "\"${PODS_ROOT}/Target Support Files/Pods-SpaceXCleanArchitecture-SpaceXCleanArchitectureUITests/Pods-SpaceXCleanArchitecture-SpaceXCleanArchitectureUITests-frameworks.sh\"\n";
			showEnvVarsInLog = 0;
		};
		99F26B1B136B78A60F09BAEC /* [CP] Check Pods Manifest.lock */ = {
			isa = PBXShellScriptBuildPhase;
			buildActionMask = 2147483647;
			files = (
			);
			inputFileListPaths = (
			);
			inputPaths = (
				"${PODS_PODFILE_DIR_PATH}/Podfile.lock",
				"${PODS_ROOT}/Manifest.lock",
			);
			name = "[CP] Check Pods Manifest.lock";
			outputFileListPaths = (
			);
			outputPaths = (
				"$(DERIVED_FILE_DIR)/Pods-SpaceXCleanArchitecture-checkManifestLockResult.txt",
			);
			runOnlyForDeploymentPostprocessing = 0;
			shellPath = /bin/sh;
			shellScript = "diff \"${PODS_PODFILE_DIR_PATH}/Podfile.lock\" \"${PODS_ROOT}/Manifest.lock\" > /dev/null\nif [ $? != 0 ] ; then\n    # print error to STDERR\n    echo \"error: The sandbox is not in sync with the Podfile.lock. Run 'pod install' or update your CocoaPods installation.\" >&2\n    exit 1\nfi\n# This output is used by Xcode 'outputs' to avoid re-running this script phase.\necho \"SUCCESS\" > \"${SCRIPT_OUTPUT_FILE_0}\"\n";
			showEnvVarsInLog = 0;
		};
		EB0181FC267DC27F9490AC89 /* [CP] Check Pods Manifest.lock */ = {
			isa = PBXShellScriptBuildPhase;
			buildActionMask = 2147483647;
			files = (
			);
			inputFileListPaths = (
			);
			inputPaths = (
				"${PODS_PODFILE_DIR_PATH}/Podfile.lock",
				"${PODS_ROOT}/Manifest.lock",
			);
			name = "[CP] Check Pods Manifest.lock";
			outputFileListPaths = (
			);
			outputPaths = (
				"$(DERIVED_FILE_DIR)/Pods-SpaceXCleanArchitectureTests-checkManifestLockResult.txt",
			);
			runOnlyForDeploymentPostprocessing = 0;
			shellPath = /bin/sh;
			shellScript = "diff \"${PODS_PODFILE_DIR_PATH}/Podfile.lock\" \"${PODS_ROOT}/Manifest.lock\" > /dev/null\nif [ $? != 0 ] ; then\n    # print error to STDERR\n    echo \"error: The sandbox is not in sync with the Podfile.lock. Run 'pod install' or update your CocoaPods installation.\" >&2\n    exit 1\nfi\n# This output is used by Xcode 'outputs' to avoid re-running this script phase.\necho \"SUCCESS\" > \"${SCRIPT_OUTPUT_FILE_0}\"\n";
			showEnvVarsInLog = 0;
		};
/* End PBXShellScriptBuildPhase section */

/* Begin PBXSourcesBuildPhase section */
		E8ECBF172982F9B7002E286A /* Sources */ = {
			isa = PBXSourcesBuildPhase;
			buildActionMask = 2147483647;
			files = (
				E8ECBF232982F9B7002E286A /* ViewController.swift in Sources */,
				E8ECBF1F2982F9B7002E286A /* AppDelegate.swift in Sources */,
				E8ECBF512982FFE0002E286A /* CNetworkRouter.swift in Sources */,
				E8ECBF5329830259002E286A /* CNetworkError.swift in Sources */,
				E8ECBF212982F9B7002E286A /* SceneDelegate.swift in Sources */,
				E8ECBF4F2982FF04002E286A /* Constants.swift in Sources */,
			);
			runOnlyForDeploymentPostprocessing = 0;
		};
		E8ECBF2D2982F9B8002E286A /* Sources */ = {
			isa = PBXSourcesBuildPhase;
			buildActionMask = 2147483647;
			files = (
				E8ECBF362982F9B8002E286A /* SpaceXCleanArchitectureTests.swift in Sources */,
			);
			runOnlyForDeploymentPostprocessing = 0;
		};
		E8ECBF372982F9B8002E286A /* Sources */ = {
			isa = PBXSourcesBuildPhase;
			buildActionMask = 2147483647;
			files = (
				E8ECBF402982F9B8002E286A /* SpaceXCleanArchitectureUITests.swift in Sources */,
				E8ECBF422982F9B8002E286A /* SpaceXCleanArchitectureUITestsLaunchTests.swift in Sources */,
			);
			runOnlyForDeploymentPostprocessing = 0;
		};
/* End PBXSourcesBuildPhase section */

/* Begin PBXTargetDependency section */
		E8ECBF332982F9B8002E286A /* PBXTargetDependency */ = {
			isa = PBXTargetDependency;
			target = E8ECBF1A2982F9B7002E286A /* SpaceXCleanArchitecture */;
			targetProxy = E8ECBF322982F9B8002E286A /* PBXContainerItemProxy */;
		};
		E8ECBF3D2982F9B8002E286A /* PBXTargetDependency */ = {
			isa = PBXTargetDependency;
			target = E8ECBF1A2982F9B7002E286A /* SpaceXCleanArchitecture */;
			targetProxy = E8ECBF3C2982F9B8002E286A /* PBXContainerItemProxy */;
		};
/* End PBXTargetDependency section */

/* Begin PBXVariantGroup section */
		E8ECBF242982F9B7002E286A /* Main.storyboard */ = {
			isa = PBXVariantGroup;
			children = (
				E8ECBF252982F9B7002E286A /* Base */,
			);
			name = Main.storyboard;
			sourceTree = "<group>";
		};
		E8ECBF292982F9B8002E286A /* LaunchScreen.storyboard */ = {
			isa = PBXVariantGroup;
			children = (
				E8ECBF2A2982F9B8002E286A /* Base */,
			);
			name = LaunchScreen.storyboard;
			sourceTree = "<group>";
		};
/* End PBXVariantGroup section */

/* Begin XCBuildConfiguration section */
		E8ECBF432982F9B8002E286A /* Debug */ = {
			isa = XCBuildConfiguration;
			buildSettings = {
				ALWAYS_SEARCH_USER_PATHS = NO;
				CLANG_ANALYZER_NONNULL = YES;
				CLANG_ANALYZER_NUMBER_OBJECT_CONVERSION = YES_AGGRESSIVE;
				CLANG_CXX_LANGUAGE_STANDARD = "gnu++20";
				CLANG_ENABLE_MODULES = YES;
				CLANG_ENABLE_OBJC_ARC = YES;
				CLANG_ENABLE_OBJC_WEAK = YES;
				CLANG_WARN_BLOCK_CAPTURE_AUTORELEASING = YES;
				CLANG_WARN_BOOL_CONVERSION = YES;
				CLANG_WARN_COMMA = YES;
				CLANG_WARN_CONSTANT_CONVERSION = YES;
				CLANG_WARN_DEPRECATED_OBJC_IMPLEMENTATIONS = YES;
				CLANG_WARN_DIRECT_OBJC_ISA_USAGE = YES_ERROR;
				CLANG_WARN_DOCUMENTATION_COMMENTS = YES;
				CLANG_WARN_EMPTY_BODY = YES;
				CLANG_WARN_ENUM_CONVERSION = YES;
				CLANG_WARN_INFINITE_RECURSION = YES;
				CLANG_WARN_INT_CONVERSION = YES;
				CLANG_WARN_NON_LITERAL_NULL_CONVERSION = YES;
				CLANG_WARN_OBJC_IMPLICIT_RETAIN_SELF = YES;
				CLANG_WARN_OBJC_LITERAL_CONVERSION = YES;
				CLANG_WARN_OBJC_ROOT_CLASS = YES_ERROR;
				CLANG_WARN_QUOTED_INCLUDE_IN_FRAMEWORK_HEADER = YES;
				CLANG_WARN_RANGE_LOOP_ANALYSIS = YES;
				CLANG_WARN_STRICT_PROTOTYPES = YES;
				CLANG_WARN_SUSPICIOUS_MOVE = YES;
				CLANG_WARN_UNGUARDED_AVAILABILITY = YES_AGGRESSIVE;
				CLANG_WARN_UNREACHABLE_CODE = YES;
				CLANG_WARN__DUPLICATE_METHOD_MATCH = YES;
				COPY_PHASE_STRIP = NO;
				DEBUG_INFORMATION_FORMAT = dwarf;
				ENABLE_STRICT_OBJC_MSGSEND = YES;
				ENABLE_TESTABILITY = YES;
				GCC_C_LANGUAGE_STANDARD = gnu11;
				GCC_DYNAMIC_NO_PIC = NO;
				GCC_NO_COMMON_BLOCKS = YES;
				GCC_OPTIMIZATION_LEVEL = 0;
				GCC_PREPROCESSOR_DEFINITIONS = (
					"DEBUG=1",
					"$(inherited)",
				);
				GCC_WARN_64_TO_32_BIT_CONVERSION = YES;
				GCC_WARN_ABOUT_RETURN_TYPE = YES_ERROR;
				GCC_WARN_UNDECLARED_SELECTOR = YES;
				GCC_WARN_UNINITIALIZED_AUTOS = YES_AGGRESSIVE;
				GCC_WARN_UNUSED_FUNCTION = YES;
				GCC_WARN_UNUSED_VARIABLE = YES;
				IPHONEOS_DEPLOYMENT_TARGET = 16.1;
				MTL_ENABLE_DEBUG_INFO = INCLUDE_SOURCE;
				MTL_FAST_MATH = YES;
				ONLY_ACTIVE_ARCH = YES;
				SDKROOT = iphoneos;
				SWIFT_ACTIVE_COMPILATION_CONDITIONS = DEBUG;
				SWIFT_OPTIMIZATION_LEVEL = "-Onone";
			};
			name = Debug;
		};
		E8ECBF442982F9B8002E286A /* Release */ = {
			isa = XCBuildConfiguration;
			buildSettings = {
				ALWAYS_SEARCH_USER_PATHS = NO;
				CLANG_ANALYZER_NONNULL = YES;
				CLANG_ANALYZER_NUMBER_OBJECT_CONVERSION = YES_AGGRESSIVE;
				CLANG_CXX_LANGUAGE_STANDARD = "gnu++20";
				CLANG_ENABLE_MODULES = YES;
				CLANG_ENABLE_OBJC_ARC = YES;
				CLANG_ENABLE_OBJC_WEAK = YES;
				CLANG_WARN_BLOCK_CAPTURE_AUTORELEASING = YES;
				CLANG_WARN_BOOL_CONVERSION = YES;
				CLANG_WARN_COMMA = YES;
				CLANG_WARN_CONSTANT_CONVERSION = YES;
				CLANG_WARN_DEPRECATED_OBJC_IMPLEMENTATIONS = YES;
				CLANG_WARN_DIRECT_OBJC_ISA_USAGE = YES_ERROR;
				CLANG_WARN_DOCUMENTATION_COMMENTS = YES;
				CLANG_WARN_EMPTY_BODY = YES;
				CLANG_WARN_ENUM_CONVERSION = YES;
				CLANG_WARN_INFINITE_RECURSION = YES;
				CLANG_WARN_INT_CONVERSION = YES;
				CLANG_WARN_NON_LITERAL_NULL_CONVERSION = YES;
				CLANG_WARN_OBJC_IMPLICIT_RETAIN_SELF = YES;
				CLANG_WARN_OBJC_LITERAL_CONVERSION = YES;
				CLANG_WARN_OBJC_ROOT_CLASS = YES_ERROR;
				CLANG_WARN_QUOTED_INCLUDE_IN_FRAMEWORK_HEADER = YES;
				CLANG_WARN_RANGE_LOOP_ANALYSIS = YES;
				CLANG_WARN_STRICT_PROTOTYPES = YES;
				CLANG_WARN_SUSPICIOUS_MOVE = YES;
				CLANG_WARN_UNGUARDED_AVAILABILITY = YES_AGGRESSIVE;
				CLANG_WARN_UNREACHABLE_CODE = YES;
				CLANG_WARN__DUPLICATE_METHOD_MATCH = YES;
				COPY_PHASE_STRIP = NO;
				DEBUG_INFORMATION_FORMAT = "dwarf-with-dsym";
				ENABLE_NS_ASSERTIONS = NO;
				ENABLE_STRICT_OBJC_MSGSEND = YES;
				GCC_C_LANGUAGE_STANDARD = gnu11;
				GCC_NO_COMMON_BLOCKS = YES;
				GCC_WARN_64_TO_32_BIT_CONVERSION = YES;
				GCC_WARN_ABOUT_RETURN_TYPE = YES_ERROR;
				GCC_WARN_UNDECLARED_SELECTOR = YES;
				GCC_WARN_UNINITIALIZED_AUTOS = YES_AGGRESSIVE;
				GCC_WARN_UNUSED_FUNCTION = YES;
				GCC_WARN_UNUSED_VARIABLE = YES;
				IPHONEOS_DEPLOYMENT_TARGET = 16.1;
				MTL_ENABLE_DEBUG_INFO = NO;
				MTL_FAST_MATH = YES;
				SDKROOT = iphoneos;
				SWIFT_COMPILATION_MODE = wholemodule;
				SWIFT_OPTIMIZATION_LEVEL = "-O";
				VALIDATE_PRODUCT = YES;
			};
			name = Release;
		};
		E8ECBF462982F9B8002E286A /* Debug */ = {
			isa = XCBuildConfiguration;
			baseConfigurationReference = 2EE1AB53B0C1229ED8E569F8 /* Pods-SpaceXCleanArchitecture.debug.xcconfig */;
			buildSettings = {
				ASSETCATALOG_COMPILER_APPICON_NAME = AppIcon;
				ASSETCATALOG_COMPILER_GLOBAL_ACCENT_COLOR_NAME = AccentColor;
				CODE_SIGN_STYLE = Automatic;
				CURRENT_PROJECT_VERSION = 1;
				DEVELOPMENT_TEAM = 2V2G6F94A8;
				GENERATE_INFOPLIST_FILE = YES;
				INFOPLIST_FILE = SpaceXCleanArchitecture/Info.plist;
				INFOPLIST_KEY_UIApplicationSupportsIndirectInputEvents = YES;
				INFOPLIST_KEY_UILaunchStoryboardName = LaunchScreen;
				INFOPLIST_KEY_UIMainStoryboardFile = Main;
				INFOPLIST_KEY_UISupportedInterfaceOrientations_iPad = "UIInterfaceOrientationPortrait UIInterfaceOrientationPortraitUpsideDown UIInterfaceOrientationLandscapeLeft UIInterfaceOrientationLandscapeRight";
				INFOPLIST_KEY_UISupportedInterfaceOrientations_iPhone = "UIInterfaceOrientationPortrait UIInterfaceOrientationLandscapeLeft UIInterfaceOrientationLandscapeRight";
				LD_RUNPATH_SEARCH_PATHS = (
					"$(inherited)",
					"@executable_path/Frameworks",
				);
				MARKETING_VERSION = 1.0;
				PRODUCT_BUNDLE_IDENTIFIER = tr.com.atakancengizkurt.SpaceXCleanArchitecture;
				PRODUCT_NAME = "$(TARGET_NAME)";
				SWIFT_EMIT_LOC_STRINGS = YES;
				SWIFT_VERSION = 5.0;
				TARGETED_DEVICE_FAMILY = "1,2";
			};
			name = Debug;
		};
		E8ECBF472982F9B8002E286A /* Release */ = {
			isa = XCBuildConfiguration;
			baseConfigurationReference = A0C8BD13799D5C9BFD1C553A /* Pods-SpaceXCleanArchitecture.release.xcconfig */;
			buildSettings = {
				ASSETCATALOG_COMPILER_APPICON_NAME = AppIcon;
				ASSETCATALOG_COMPILER_GLOBAL_ACCENT_COLOR_NAME = AccentColor;
				CODE_SIGN_STYLE = Automatic;
				CURRENT_PROJECT_VERSION = 1;
				DEVELOPMENT_TEAM = 2V2G6F94A8;
				GENERATE_INFOPLIST_FILE = YES;
				INFOPLIST_FILE = SpaceXCleanArchitecture/Info.plist;
				INFOPLIST_KEY_UIApplicationSupportsIndirectInputEvents = YES;
				INFOPLIST_KEY_UILaunchStoryboardName = LaunchScreen;
				INFOPLIST_KEY_UIMainStoryboardFile = Main;
				INFOPLIST_KEY_UISupportedInterfaceOrientations_iPad = "UIInterfaceOrientationPortrait UIInterfaceOrientationPortraitUpsideDown UIInterfaceOrientationLandscapeLeft UIInterfaceOrientationLandscapeRight";
				INFOPLIST_KEY_UISupportedInterfaceOrientations_iPhone = "UIInterfaceOrientationPortrait UIInterfaceOrientationLandscapeLeft UIInterfaceOrientationLandscapeRight";
				LD_RUNPATH_SEARCH_PATHS = (
					"$(inherited)",
					"@executable_path/Frameworks",
				);
				MARKETING_VERSION = 1.0;
				PRODUCT_BUNDLE_IDENTIFIER = tr.com.atakancengizkurt.SpaceXCleanArchitecture;
				PRODUCT_NAME = "$(TARGET_NAME)";
				SWIFT_EMIT_LOC_STRINGS = YES;
				SWIFT_VERSION = 5.0;
				TARGETED_DEVICE_FAMILY = "1,2";
			};
			name = Release;
		};
		E8ECBF492982F9B8002E286A /* Debug */ = {
			isa = XCBuildConfiguration;
			baseConfigurationReference = 203AE28B2CCF114DAD180431 /* Pods-SpaceXCleanArchitectureTests.debug.xcconfig */;
			buildSettings = {
				ALWAYS_EMBED_SWIFT_STANDARD_LIBRARIES = YES;
				BUNDLE_LOADER = "$(TEST_HOST)";
				CODE_SIGN_STYLE = Automatic;
				CURRENT_PROJECT_VERSION = 1;
				DEVELOPMENT_TEAM = 2V2G6F94A8;
				GENERATE_INFOPLIST_FILE = YES;
				IPHONEOS_DEPLOYMENT_TARGET = 16.1;
				MARKETING_VERSION = 1.0;
				PRODUCT_BUNDLE_IDENTIFIER = tr.com.atakancengizkurt.SpaceXCleanArchitectureTests;
				PRODUCT_NAME = "$(TARGET_NAME)";
				SWIFT_EMIT_LOC_STRINGS = NO;
				SWIFT_VERSION = 5.0;
				TARGETED_DEVICE_FAMILY = "1,2";
				TEST_HOST = "$(BUILT_PRODUCTS_DIR)/SpaceXCleanArchitecture.app/$(BUNDLE_EXECUTABLE_FOLDER_PATH)/SpaceXCleanArchitecture";
			};
			name = Debug;
		};
		E8ECBF4A2982F9B8002E286A /* Release */ = {
			isa = XCBuildConfiguration;
			baseConfigurationReference = 3890E980A38E7A5D21AA24EF /* Pods-SpaceXCleanArchitectureTests.release.xcconfig */;
			buildSettings = {
				ALWAYS_EMBED_SWIFT_STANDARD_LIBRARIES = YES;
				BUNDLE_LOADER = "$(TEST_HOST)";
				CODE_SIGN_STYLE = Automatic;
				CURRENT_PROJECT_VERSION = 1;
				DEVELOPMENT_TEAM = 2V2G6F94A8;
				GENERATE_INFOPLIST_FILE = YES;
				IPHONEOS_DEPLOYMENT_TARGET = 16.1;
				MARKETING_VERSION = 1.0;
				PRODUCT_BUNDLE_IDENTIFIER = tr.com.atakancengizkurt.SpaceXCleanArchitectureTests;
				PRODUCT_NAME = "$(TARGET_NAME)";
				SWIFT_EMIT_LOC_STRINGS = NO;
				SWIFT_VERSION = 5.0;
				TARGETED_DEVICE_FAMILY = "1,2";
				TEST_HOST = "$(BUILT_PRODUCTS_DIR)/SpaceXCleanArchitecture.app/$(BUNDLE_EXECUTABLE_FOLDER_PATH)/SpaceXCleanArchitecture";
			};
			name = Release;
		};
		E8ECBF4C2982F9B8002E286A /* Debug */ = {
			isa = XCBuildConfiguration;
			baseConfigurationReference = 246870A7C87FC0615B3EC44C /* Pods-SpaceXCleanArchitecture-SpaceXCleanArchitectureUITests.debug.xcconfig */;
			buildSettings = {
				ALWAYS_EMBED_SWIFT_STANDARD_LIBRARIES = YES;
				CODE_SIGN_STYLE = Automatic;
				CURRENT_PROJECT_VERSION = 1;
				DEVELOPMENT_TEAM = 2V2G6F94A8;
				GENERATE_INFOPLIST_FILE = YES;
				MARKETING_VERSION = 1.0;
				PRODUCT_BUNDLE_IDENTIFIER = tr.com.atakancengizkurt.SpaceXCleanArchitectureUITests;
				PRODUCT_NAME = "$(TARGET_NAME)";
				SWIFT_EMIT_LOC_STRINGS = NO;
				SWIFT_VERSION = 5.0;
				TARGETED_DEVICE_FAMILY = "1,2";
				TEST_TARGET_NAME = SpaceXCleanArchitecture;
			};
			name = Debug;
		};
		E8ECBF4D2982F9B8002E286A /* Release */ = {
			isa = XCBuildConfiguration;
			baseConfigurationReference = B9141B94B2E2BFA5D2BA6406 /* Pods-SpaceXCleanArchitecture-SpaceXCleanArchitectureUITests.release.xcconfig */;
			buildSettings = {
				ALWAYS_EMBED_SWIFT_STANDARD_LIBRARIES = YES;
				CODE_SIGN_STYLE = Automatic;
				CURRENT_PROJECT_VERSION = 1;
				DEVELOPMENT_TEAM = 2V2G6F94A8;
				GENERATE_INFOPLIST_FILE = YES;
				MARKETING_VERSION = 1.0;
				PRODUCT_BUNDLE_IDENTIFIER = tr.com.atakancengizkurt.SpaceXCleanArchitectureUITests;
				PRODUCT_NAME = "$(TARGET_NAME)";
				SWIFT_EMIT_LOC_STRINGS = NO;
				SWIFT_VERSION = 5.0;
				TARGETED_DEVICE_FAMILY = "1,2";
				TEST_TARGET_NAME = SpaceXCleanArchitecture;
			};
			name = Release;
		};
/* End XCBuildConfiguration section */

/* Begin XCConfigurationList section */
		E8ECBF162982F9B7002E286A /* Build configuration list for PBXProject "SpaceXCleanArchitecture" */ = {
			isa = XCConfigurationList;
			buildConfigurations = (
				E8ECBF432982F9B8002E286A /* Debug */,
				E8ECBF442982F9B8002E286A /* Release */,
			);
			defaultConfigurationIsVisible = 0;
			defaultConfigurationName = Release;
		};
		E8ECBF452982F9B8002E286A /* Build configuration list for PBXNativeTarget "SpaceXCleanArchitecture" */ = {
			isa = XCConfigurationList;
			buildConfigurations = (
				E8ECBF462982F9B8002E286A /* Debug */,
				E8ECBF472982F9B8002E286A /* Release */,
			);
			defaultConfigurationIsVisible = 0;
			defaultConfigurationName = Release;
		};
		E8ECBF482982F9B8002E286A /* Build configuration list for PBXNativeTarget "SpaceXCleanArchitectureTests" */ = {
			isa = XCConfigurationList;
			buildConfigurations = (
				E8ECBF492982F9B8002E286A /* Debug */,
				E8ECBF4A2982F9B8002E286A /* Release */,
			);
			defaultConfigurationIsVisible = 0;
			defaultConfigurationName = Release;
		};
		E8ECBF4B2982F9B8002E286A /* Build configuration list for PBXNativeTarget "SpaceXCleanArchitectureUITests" */ = {
			isa = XCConfigurationList;
			buildConfigurations = (
				E8ECBF4C2982F9B8002E286A /* Debug */,
				E8ECBF4D2982F9B8002E286A /* Release */,
			);
			defaultConfigurationIsVisible = 0;
			defaultConfigurationName = Release;
		};
/* End XCConfigurationList section */
	};
	rootObject = E8ECBF132982F9B7002E286A /* Project object */;
}
